<?xml version="1.0" encoding="utf-8"?>
<Project ToolsVersion="4.0" xmlns="http://schemas.microsoft.com/developer/msbuild/2003">
  <ItemGroup>
    <Filter Include="源文件">
      <UniqueIdentifier>{4FC737F1-C7A5-4376-A066-2A32D752A2FF}</UniqueIdentifier>
      <Extensions>cpp;c;cc;cxx;def;odl;idl;hpj;bat;asm;asmx</Extensions>
    </Filter>
    <Filter Include="头文件">
      <UniqueIdentifier>{93995380-89BD-4b04-88EB-625FBE52EBFB}</UniqueIdentifier>
      <Extensions>h;hh;hpp;hxx;hm;inl;inc;ipp;xsd</Extensions>
    </Filter>
    <Filter Include="资源文件">
      <UniqueIdentifier>{67DA6AB6-F800-4c08-8B7A-83BB121AAD01}</UniqueIdentifier>
      <Extensions>rc;ico;cur;bmp;dlg;rc2;rct;bin;rgs;gif;jpg;jpeg;jpe;resx;tiff;tif;png;wav;mfcribbon-ms</Extensions>
    </Filter>
  </ItemGroup>
  <ItemGroup>
    <ClInclude Include="TestInst\TestDelegate.h">
      <Filter>头文件</Filter>
    </ClInclude>
    <ClInclude Include="TestInst\TestString.h">
      <Filter>头文件</Filter>
    </ClInclude>
    <ClInclude Include="TestInst\TestTime.h">
      <Filter>头文件</Filter>
    </ClInclude>
    <ClInclude Include="TestInst\TestTrigger.h">
      <Filter>头文件</Filter>
    </ClInclude>
    <ClInclude Include="stdafx.h">
      <Filter>头文件</Filter>
    </ClInclude>
    <ClInclude Include="TestInst\TestThreadPool.h">
      <Filter>头文件</Filter>
    </ClInclude>
    <ClInclude Include="TestInst\TestFSDirectory.h">
      <Filter>头文件</Filter>
    </ClInclude>
    <ClInclude Include="TestInst\TestCpuUtil.h">
      <Filter>头文件</Filter>
    </ClInclude>
    <ClInclude Include="TestInst\TestFSFileUtil.h">
      <Filter>头文件</Filter>
    </ClInclude>
    <ClInclude Include="TestInst\TestFile.h">
      <Filter>头文件</Filter>
    </ClInclude>
    <ClInclude Include="TestInst\TestJson.h">
      <Filter>头文件</Filter>
    </ClInclude>
    <ClInclude Include="TestInst\TestLogFile.h">
      <Filter>头文件</Filter>
    </ClInclude>
    <ClInclude Include="TestInst\TestRandom.h">
      <Filter>头文件</Filter>
    </ClInclude>
    <ClInclude Include="TestInst\TestAes.h">
      <Filter>头文件</Filter>
    </ClInclude>
    <ClInclude Include="TestInst\TestUtf8.h">
      <Filter>头文件</Filter>
    </ClInclude>
    <ClInclude Include="TestInst\TerstSmartVar.h">
      <Filter>头文件</Filter>
    </ClInclude>
    <ClInclude Include="TestInst\TestTimeWheel.h">
      <Filter>头文件</Filter>
    </ClInclude>
    <ClInclude Include="TestInst\TestSystemUtil.h">
      <Filter>头文件</Filter>
    </ClInclude>
    <ClInclude Include="TestInst\TestLogModule.h">
      <Filter>头文件</Filter>
    </ClInclude>
    <ClInclude Include="TestInst\TestXor.h">
      <Filter>头文件</Filter>
    </ClInclude>
    <ClInclude Include="TestInst\TestCrashHandle.h">
      <Filter>头文件</Filter>
    </ClInclude>
    <ClInclude Include="TestInst\TestMemoryPool.h">
      <Filter>头文件</Filter>
    </ClInclude>
    <ClInclude Include="TestInst\TestObjPool.h">
      <Filter>头文件</Filter>
    </ClInclude>
    <ClInclude Include="TestInst\TestMathUtil.h">
      <Filter>头文件</Filter>
    </ClInclude>
    <ClInclude Include="TestInst\TestIocpExample.h">
      <Filter>头文件</Filter>
    </ClInclude>
    <ClInclude Include="TestInst\TestEvent.h">
      <Filter>头文件</Filter>
    </ClInclude>
  </ItemGroup>
  <ItemGroup>
    <ClCompile Include="main.cpp">
      <Filter>源文件</Filter>
    </ClCompile>
  </ItemGroup>
</Project>