<?xml version="1.0" encoding="utf-8"?>
<Project ToolsVersion="4.0" xmlns="http://schemas.microsoft.com/developer/msbuild/2003">
  <ItemGroup>
    <Filter Include="源文件">
      <UniqueIdentifier>{4FC737F1-C7A5-4376-A066-2A32D752A2FF}</UniqueIdentifier>
      <Extensions>cpp;c;cc;cxx;def;odl;idl;hpj;bat;asm;asmx</Extensions>
    </Filter>
    <Filter Include="头文件">
      <UniqueIdentifier>{93995380-89BD-4b04-88EB-625FBE52EBFB}</UniqueIdentifier>
      <Extensions>h;hh;hpp;hxx;hm;inl;inc;ipp;xsd</Extensions>
    </Filter>
    <Filter Include="资源文件">
      <UniqueIdentifier>{67DA6AB6-F800-4c08-8B7A-83BB121AAD01}</UniqueIdentifier>
      <Extensions>rc;ico;cur;bmp;dlg;rc2;rct;bin;rgs;gif;jpg;jpeg;jpe;resx;tiff;tif;png;wav;mfcribbon-ms</Extensions>
    </Filter>
    <Filter Include="Defs">
      <UniqueIdentifier>{18fbfde2-f101-47ed-a8da-5d83fddd20a4}</UniqueIdentifier>
    </Filter>
    <Filter Include="Impl">
      <UniqueIdentifier>{73eef504-1eff-4637-a31e-c5fc81c6f9a1}</UniqueIdentifier>
    </Filter>
    <Filter Include="Interface">
      <UniqueIdentifier>{d896b72a-dd4a-4263-a50c-7ad6f4fd001c}</UniqueIdentifier>
    </Filter>
  </ItemGroup>
  <ItemGroup>
    <ClInclude Include="pch.h">
      <Filter>头文件</Filter>
    </ClInclude>
    <ClInclude Include="..\Impl\InitProcess.h">
      <Filter>Impl</Filter>
    </ClInclude>
    <ClInclude Include="..\Impl\TcpServer.h">
      <Filter>Impl</Filter>
    </ClInclude>
    <ClInclude Include="..\Impl\ClientSocket.h">
      <Filter>Impl</Filter>
    </ClInclude>
  </ItemGroup>
  <ItemGroup>
    <ClCompile Include="pch.cpp">
      <Filter>源文件</Filter>
    </ClCompile>
    <ClCompile Include="Server.cpp">
      <Filter>源文件</Filter>
    </ClCompile>
    <ClCompile Include="..\Impl\InitProcess.cpp">
      <Filter>Impl</Filter>
    </ClCompile>
    <ClCompile Include="..\Impl\TcpServer.cpp">
      <Filter>Impl</Filter>
    </ClCompile>
    <ClCompile Include="..\Impl\ClientSocket.cpp">
      <Filter>Impl</Filter>
    </ClCompile>
  </ItemGroup>
</Project>