<?xml version="1.0" encoding="utf-8"?>
<Project ToolsVersion="4.0" xmlns="http://schemas.microsoft.com/developer/msbuild/2003">
  <ItemGroup>
    <Filter Include="源文件">
      <UniqueIdentifier>{4FC737F1-C7A5-4376-A066-2A32D752A2FF}</UniqueIdentifier>
      <Extensions>cpp;c;cc;cxx;def;odl;idl;hpj;bat;asm;asmx</Extensions>
    </Filter>
    <Filter Include="头文件">
      <UniqueIdentifier>{93995380-89BD-4b04-88EB-625FBE52EBFB}</UniqueIdentifier>
      <Extensions>h;hh;hpp;hxx;hm;inl;inc;ipp;xsd</Extensions>
    </Filter>
    <Filter Include="资源文件">
      <UniqueIdentifier>{67DA6AB6-F800-4c08-8B7A-83BB121AAD01}</UniqueIdentifier>
      <Extensions>rc;ico;cur;bmp;dlg;rc2;rct;bin;rgs;gif;jpg;jpeg;jpe;resx;tiff;tif;png;wav;mfcribbon-ms</Extensions>
    </Filter>
    <Filter Include="common">
      <UniqueIdentifier>{777e07d8-cb04-49d3-8da9-164bf4db7931}</UniqueIdentifier>
    </Filter>
    <Filter Include="common\asyn">
      <UniqueIdentifier>{edf5b12a-d432-4d0c-8e93-59a6e43c7433}</UniqueIdentifier>
    </Filter>
    <Filter Include="common\basedefs">
      <UniqueIdentifier>{c43d8347-fe6a-49f4-bd5d-fab39098884e}</UniqueIdentifier>
    </Filter>
    <Filter Include="common\heap">
      <UniqueIdentifier>{97414d0a-bebd-47f3-8350-c4524a093363}</UniqueIdentifier>
    </Filter>
    <Filter Include="common\log">
      <UniqueIdentifier>{810ca3e8-2eb4-4e07-b399-ab0e656bf6f7}</UniqueIdentifier>
    </Filter>
    <Filter Include="common\net">
      <UniqueIdentifier>{aa15d339-ad04-4b12-93f0-ce903993404b}</UniqueIdentifier>
    </Filter>
    <Filter Include="common\platform">
      <UniqueIdentifier>{84cf871c-4b80-4b9e-99fb-8d2172e59c27}</UniqueIdentifier>
    </Filter>
    <Filter Include="common\src">
      <UniqueIdentifier>{902a7c3c-3155-4929-9903-ff2d63ff9138}</UniqueIdentifier>
    </Filter>
    <Filter Include="common\thread">
      <UniqueIdentifier>{bcf49660-b219-4497-ab56-fef3474adbc2}</UniqueIdentifier>
    </Filter>
    <Filter Include="common\net\protocol">
      <UniqueIdentifier>{56074ffa-0446-4294-83e8-251343d6c292}</UniqueIdentifier>
    </Filter>
    <Filter Include="common\net\protocol\defs">
      <UniqueIdentifier>{b36ac5e9-afe9-4544-bc97-2aa60bd3bb8d}</UniqueIdentifier>
    </Filter>
    <Filter Include="common\net\protocol\Impl">
      <UniqueIdentifier>{68f16aa7-f267-4ea8-b6b5-fa9e04dbe4e4}</UniqueIdentifier>
    </Filter>
    <Filter Include="common\net\protocol\Interface">
      <UniqueIdentifier>{766794fb-60f4-46ab-9860-5e2147256101}</UniqueIdentifier>
    </Filter>
    <Filter Include="common\socket">
      <UniqueIdentifier>{5f70353f-68fe-4c9b-9f05-052483b65d6c}</UniqueIdentifier>
    </Filter>
    <Filter Include="common\socket\Defs">
      <UniqueIdentifier>{b9d7ba0c-5318-4bd4-9c88-75e1dc6974ae}</UniqueIdentifier>
    </Filter>
    <Filter Include="common\socket\Impl">
      <UniqueIdentifier>{0bcce8d7-519e-46b4-a8a8-704e11db38b2}</UniqueIdentifier>
    </Filter>
    <Filter Include="common\socket\Interface">
      <UniqueIdentifier>{14024526-cb3e-4b84-bb4c-708df72c8ea7}</UniqueIdentifier>
    </Filter>
    <Filter Include="common\status">
      <UniqueIdentifier>{f216bc90-209f-4002-a3f9-e1fb800741b5}</UniqueIdentifier>
    </Filter>
    <Filter Include="common\status\Defs">
      <UniqueIdentifier>{7e5b7e66-e926-422f-8318-855cbd0c189f}</UniqueIdentifier>
    </Filter>
    <Filter Include="common\asyn\Lock">
      <UniqueIdentifier>{c7c8ce16-a661-4135-9f72-df9505c409d9}</UniqueIdentifier>
    </Filter>
    <Filter Include="common\component">
      <UniqueIdentifier>{cfa78993-4d56-4c2d-80ab-139dcb5b5c36}</UniqueIdentifier>
    </Filter>
    <Filter Include="common\asyn\Lock\Defs">
      <UniqueIdentifier>{d2b2e51d-c5c6-4a38-aa0a-d29763412f4e}</UniqueIdentifier>
    </Filter>
    <Filter Include="common\asyn\Lock\Impl">
      <UniqueIdentifier>{d67d1383-fa35-4cca-ad5d-d5f1b4674dee}</UniqueIdentifier>
    </Filter>
    <Filter Include="common\asyn\Lock\Interface">
      <UniqueIdentifier>{8ed84726-226a-417f-bb92-ad7dfd6734fd}</UniqueIdentifier>
    </Filter>
    <Filter Include="common\basedefs\DataType">
      <UniqueIdentifier>{88e82840-3c40-4d73-b45a-23e3bf21330f}</UniqueIdentifier>
    </Filter>
    <Filter Include="common\basedefs\DataType\InnerDataType">
      <UniqueIdentifier>{586c06a2-14ab-44b2-aabc-646d57151846}</UniqueIdentifier>
    </Filter>
    <Filter Include="common\basedefs\DataType\InnerDataType\Defs">
      <UniqueIdentifier>{d52e7085-2de1-43e6-a9d4-82dd928d3296}</UniqueIdentifier>
    </Filter>
    <Filter Include="common\basedefs\DataType\ExportDataType">
      <UniqueIdentifier>{87fd8d3d-5b9c-4f70-8bac-20f731c68428}</UniqueIdentifier>
    </Filter>
    <Filter Include="common\basedefs\DataType\ExportDataType\Defs">
      <UniqueIdentifier>{2d5eab5f-f499-474c-9ec0-e4597c05948c}</UniqueIdentifier>
    </Filter>
    <Filter Include="common\basedefs\Macro">
      <UniqueIdentifier>{f1d20d10-48d6-485c-88bf-9d35dd9277b8}</UniqueIdentifier>
    </Filter>
    <Filter Include="common\basedefs\Macro\Export">
      <UniqueIdentifier>{8bac1264-5df6-409b-a2b0-30c48f550a88}</UniqueIdentifier>
    </Filter>
    <Filter Include="common\basedefs\Macro\Inner">
      <UniqueIdentifier>{6296af31-3c2c-462e-9758-a2aaf16fbdc6}</UniqueIdentifier>
    </Filter>
    <Filter Include="common\basedefs\Macro\Inner\Defs">
      <UniqueIdentifier>{326284a7-8746-4a30-ba4d-0753026dc524}</UniqueIdentifier>
    </Filter>
    <Filter Include="common\basedefs\Macro\Export\Defs">
      <UniqueIdentifier>{cad770d3-716f-4dcf-95fd-43f893f2d2c2}</UniqueIdentifier>
    </Filter>
    <Filter Include="common\assist">
      <UniqueIdentifier>{bba59957-753c-411d-8a6f-2c56ed4718b7}</UniqueIdentifier>
    </Filter>
    <Filter Include="common\assist\utils">
      <UniqueIdentifier>{d2f2c2fc-4c1e-491c-8661-6a5abe246a6d}</UniqueIdentifier>
    </Filter>
    <Filter Include="common\assist\utils\Defs">
      <UniqueIdentifier>{fc95aeeb-7d27-4711-8588-d947191cd454}</UniqueIdentifier>
    </Filter>
    <Filter Include="common\assist\utils\Impl">
      <UniqueIdentifier>{0a6b5b4b-1af7-49fd-9ef2-509835c53a4d}</UniqueIdentifier>
    </Filter>
    <Filter Include="common\assist\utils\Interface">
      <UniqueIdentifier>{1792ba5e-0030-41d2-81a5-45d68de199c6}</UniqueIdentifier>
    </Filter>
    <Filter Include="common\assist\assistobjs">
      <UniqueIdentifier>{e5cd95d2-b122-4b09-8bed-c24035eb0d19}</UniqueIdentifier>
    </Filter>
    <Filter Include="common\assist\assistobjs\Defs">
      <UniqueIdentifier>{cbb05526-3f0d-4cba-aa39-ef6a046a1c35}</UniqueIdentifier>
    </Filter>
    <Filter Include="common\assist\assistobjs\Impl">
      <UniqueIdentifier>{6acd6e3d-4a89-4c3e-9d5a-45f1fcf153a8}</UniqueIdentifier>
    </Filter>
    <Filter Include="common\assist\assistobjs\Interface">
      <UniqueIdentifier>{b7d5ebee-400b-42c2-a1b7-c1b26d2fd099}</UniqueIdentifier>
    </Filter>
    <Filter Include="common\basedefs\Macro\ForAll">
      <UniqueIdentifier>{2bc42240-6896-4867-a13a-a0ce580a0204}</UniqueIdentifier>
    </Filter>
    <Filter Include="common\basedefs\DataType\ForAll">
      <UniqueIdentifier>{f87faf12-6c57-42e7-99c3-48a392dce00b}</UniqueIdentifier>
    </Filter>
    <Filter Include="common\basedefs\DataType\ForAll\Defs">
      <UniqueIdentifier>{ad50b3f8-f1b9-41c7-962a-e9306f949fe9}</UniqueIdentifier>
    </Filter>
    <Filter Include="common\basedefs\Structure">
      <UniqueIdentifier>{ff652b77-eede-4878-9ac3-b6615d97e9a7}</UniqueIdentifier>
    </Filter>
    <Filter Include="common\component\Defs">
      <UniqueIdentifier>{45b5cd3a-3a12-43c5-b461-98301b315205}</UniqueIdentifier>
    </Filter>
    <Filter Include="common\component\Impl">
      <UniqueIdentifier>{e248f19d-577c-42f6-afc7-4a9ded8bf9ec}</UniqueIdentifier>
    </Filter>
    <Filter Include="common\component\Interface">
      <UniqueIdentifier>{0400030c-ed0e-4167-8be9-f08ff83963d5}</UniqueIdentifier>
    </Filter>
    <Filter Include="common\basedefs\Structure\Defs">
      <UniqueIdentifier>{2708cd1a-ee22-4e24-a523-5592a12090a5}</UniqueIdentifier>
    </Filter>
    <Filter Include="common\basedefs\Resource">
      <UniqueIdentifier>{a15e6911-e015-422b-ab75-d6f516ed37f6}</UniqueIdentifier>
    </Filter>
    <Filter Include="common\basedefs\Resource\Inner">
      <UniqueIdentifier>{29bd43fa-93ac-4b7e-9e3c-dab7a3cd68bc}</UniqueIdentifier>
    </Filter>
    <Filter Include="common\basedefs\Resource\ForAll">
      <UniqueIdentifier>{1a8f4efb-e125-4a73-bb8e-2a134e46e37b}</UniqueIdentifier>
    </Filter>
    <Filter Include="common\component\Impl\File">
      <UniqueIdentifier>{053ee315-37b1-40df-8e92-e61db0ac1b24}</UniqueIdentifier>
    </Filter>
    <Filter Include="common\component\Impl\File\Defs">
      <UniqueIdentifier>{0bf615db-72d8-40dd-bc8a-43ca4fe0e690}</UniqueIdentifier>
    </Filter>
    <Filter Include="3rd">
      <UniqueIdentifier>{3fca1d3a-5785-44fd-9203-f8c8d708c41e}</UniqueIdentifier>
    </Filter>
    <Filter Include="common\component\Impl\Aes">
      <UniqueIdentifier>{0d117e2d-20b4-4411-a80b-a8339e332a3c}</UniqueIdentifier>
    </Filter>
    <Filter Include="3rd\tiny-utf8">
      <UniqueIdentifier>{6433c550-12d3-4cd1-8827-d24479f7722f}</UniqueIdentifier>
    </Filter>
    <Filter Include="3rd\tiny-utf8\lib">
      <UniqueIdentifier>{58eebbba-10e3-45b0-8e15-2626e8a06d79}</UniqueIdentifier>
    </Filter>
    <Filter Include="common\component\Impl\SmartVar">
      <UniqueIdentifier>{7e62026f-5d58-47ed-899e-a115914734cd}</UniqueIdentifier>
    </Filter>
    <Filter Include="common\component\Impl\TimeWheel">
      <UniqueIdentifier>{6629919e-7527-4c75-a005-501c58436a0f}</UniqueIdentifier>
    </Filter>
    <Filter Include="common\component\Impl\TimeWheel\Comp">
      <UniqueIdentifier>{c82f828d-c985-4ad6-87da-65f1117d5770}</UniqueIdentifier>
    </Filter>
    <Filter Include="common\log\Defs">
      <UniqueIdentifier>{603879b2-5592-4bee-90a1-bec46537e03a}</UniqueIdentifier>
    </Filter>
    <Filter Include="common\log\Impl">
      <UniqueIdentifier>{f7c3671c-c44b-4909-a2a9-f192d0e6a065}</UniqueIdentifier>
    </Filter>
    <Filter Include="common\log\Interface">
      <UniqueIdentifier>{1475fba0-52d9-4a66-ac7e-47921d954ea7}</UniqueIdentifier>
    </Filter>
    <Filter Include="common\Global">
      <UniqueIdentifier>{760850e3-8383-4e06-8941-d930303912d8}</UniqueIdentifier>
    </Filter>
    <Filter Include="common\Global\Defs">
      <UniqueIdentifier>{f623e4c6-6577-411b-b050-9cc71e9499a7}</UniqueIdentifier>
    </Filter>
    <Filter Include="common\Global\Impl">
      <UniqueIdentifier>{5ddd7b42-2d70-490c-8933-6a5534299e3f}</UniqueIdentifier>
    </Filter>
    <Filter Include="common\Global\Interface">
      <UniqueIdentifier>{48d4588b-b842-4e03-a387-158482876ccf}</UniqueIdentifier>
    </Filter>
    <Filter Include="common\crashhandle">
      <UniqueIdentifier>{7b21000e-dcc4-457d-954c-0ee3119e748a}</UniqueIdentifier>
    </Filter>
    <Filter Include="common\crashhandle\Defs">
      <UniqueIdentifier>{c75bf1b2-0640-4778-8c18-f0a30c163047}</UniqueIdentifier>
    </Filter>
    <Filter Include="common\crashhandle\Impl">
      <UniqueIdentifier>{49a1c61e-38ca-4ec2-b2f7-ffa767d11a34}</UniqueIdentifier>
    </Filter>
    <Filter Include="common\crashhandle\Interface">
      <UniqueIdentifier>{7cd21d8c-8b96-4933-8bfc-d8d2dc29ae24}</UniqueIdentifier>
    </Filter>
    <Filter Include="common\objpool">
      <UniqueIdentifier>{a32b33ae-4c3e-4dc8-ac40-05435e742312}</UniqueIdentifier>
    </Filter>
    <Filter Include="common\objpool\Defs">
      <UniqueIdentifier>{ca40eb54-c7df-492b-86c0-4bf243424546}</UniqueIdentifier>
    </Filter>
    <Filter Include="common\objpool\Impl">
      <UniqueIdentifier>{717ca05d-9514-49e7-ada4-4321845af827}</UniqueIdentifier>
    </Filter>
    <Filter Include="common\objpool\Interface">
      <UniqueIdentifier>{6515b870-2772-4d46-8eb6-9f851841d58a}</UniqueIdentifier>
    </Filter>
    <Filter Include="common\Application">
      <UniqueIdentifier>{89351580-5cf3-4d3c-8ad8-435af77ce51d}</UniqueIdentifier>
    </Filter>
    <Filter Include="common\Application\Defs">
      <UniqueIdentifier>{8f08010e-4f1d-4e6f-8e8e-8209c7fd56ad}</UniqueIdentifier>
    </Filter>
    <Filter Include="common\Application\Interface">
      <UniqueIdentifier>{deca58b3-3cb8-4933-a0da-ea6245ac18f0}</UniqueIdentifier>
    </Filter>
    <Filter Include="common\Application\Impl">
      <UniqueIdentifier>{dddf0f86-365e-4e74-886f-59865af77ed0}</UniqueIdentifier>
    </Filter>
    <Filter Include="common\net\Defs">
      <UniqueIdentifier>{479acf2e-d1a2-4b99-b808-9c52ae715215}</UniqueIdentifier>
    </Filter>
    <Filter Include="common\net\Impl">
      <UniqueIdentifier>{491a352e-61a4-4272-9411-bbebcf6445b8}</UniqueIdentifier>
    </Filter>
    <Filter Include="common\net\Interface">
      <UniqueIdentifier>{111663c4-6e64-4e51-85a5-183436914087}</UniqueIdentifier>
    </Filter>
    <Filter Include="common\net\Impl\Iocp">
      <UniqueIdentifier>{b5dca95a-34d6-4f1a-a572-ac6f7dc14b16}</UniqueIdentifier>
    </Filter>
    <Filter Include="common\memorypool">
      <UniqueIdentifier>{87c8a8db-6b14-4d2b-bca9-94a0f4c8a3ff}</UniqueIdentifier>
    </Filter>
    <Filter Include="common\memorypool\Defs">
      <UniqueIdentifier>{29363821-3b04-4dd4-ae01-4e33d76f57c5}</UniqueIdentifier>
    </Filter>
    <Filter Include="common\memorypool\Impl">
      <UniqueIdentifier>{6e0b712a-ed5c-406c-80b8-eab8f2910a68}</UniqueIdentifier>
    </Filter>
    <Filter Include="common\memorypool\Interface">
      <UniqueIdentifier>{8dc834d3-fa17-400a-b61c-17dce950e228}</UniqueIdentifier>
    </Filter>
    <Filter Include="common\component\Impl\Task">
      <UniqueIdentifier>{6c94f0d8-7a23-449b-a7b0-43197f14d70d}</UniqueIdentifier>
    </Filter>
    <Filter Include="common\component\Impl\Task\Impl">
      <UniqueIdentifier>{9d673ff4-b9ea-4d05-9436-b2da2fc38316}</UniqueIdentifier>
    </Filter>
    <Filter Include="common\component\Impl\Task\Interface">
      <UniqueIdentifier>{4fd777a2-ff0f-45c1-848b-2b3a76c64ed0}</UniqueIdentifier>
    </Filter>
    <Filter Include="common\memleak">
      <UniqueIdentifier>{6cf1a0a7-c03e-4da9-9b13-3355a059f2f2}</UniqueIdentifier>
    </Filter>
    <Filter Include="common\memleak\Defs">
      <UniqueIdentifier>{d857dc45-2615-43ae-aa6e-cad5d8950230}</UniqueIdentifier>
    </Filter>
    <Filter Include="common\memleak\Impl">
      <UniqueIdentifier>{698348f4-d926-432f-bacb-1d61b48f6fe5}</UniqueIdentifier>
    </Filter>
    <Filter Include="common\memleak\Interface">
      <UniqueIdentifier>{15e19b17-69fe-48e7-91b7-298f73296584}</UniqueIdentifier>
    </Filter>
    <Filter Include="common\event">
      <UniqueIdentifier>{74f554ec-c86d-444d-add9-a4da6f95a10c}</UniqueIdentifier>
    </Filter>
    <Filter Include="common\event\Defs">
      <UniqueIdentifier>{1fa968f4-e4de-498c-9990-486c39b69e86}</UniqueIdentifier>
    </Filter>
    <Filter Include="common\event\Impl">
      <UniqueIdentifier>{7eaf8e20-352d-4f80-90e0-f1440494d57c}</UniqueIdentifier>
    </Filter>
    <Filter Include="common\event\Interface">
      <UniqueIdentifier>{ce9869ca-6893-46ae-82a2-6eb677118de6}</UniqueIdentifier>
    </Filter>
    <Filter Include="common\net\Interface\Iocp">
      <UniqueIdentifier>{05600363-b9c3-4b63-a42f-e552cf6dad90}</UniqueIdentifier>
    </Filter>
    <Filter Include="common\component\Impl\FS_List">
      <UniqueIdentifier>{42131043-0d13-41dd-9559-134a9b5144a8}</UniqueIdentifier>
    </Filter>
    <Filter Include="common\component\Impl\FS_List\Defs">
      <UniqueIdentifier>{2ea2288f-b612-45e5-9e14-941345c904e7}</UniqueIdentifier>
    </Filter>
    <Filter Include="common\component\Impl\FS_List\Impl">
      <UniqueIdentifier>{fadd69c1-087e-4a5d-a57b-2d34bb14ce58}</UniqueIdentifier>
    </Filter>
  </ItemGroup>
  <ItemGroup>
    <ClInclude Include="stdafx.h">
      <Filter>头文件</Filter>
    </ClInclude>
    <ClInclude Include="targetver.h">
      <Filter>头文件</Filter>
    </ClInclude>
    <ClInclude Include="..\common\net\net.h">
      <Filter>common\net</Filter>
    </ClInclude>
    <ClInclude Include="..\common\net\protocol\protocol.h">
      <Filter>common\net\protocol</Filter>
    </ClInclude>
    <ClInclude Include="..\common\net\protocol\defs\ProtocolDefs.h">
      <Filter>common\net\protocol\defs</Filter>
    </ClInclude>
    <ClInclude Include="..\exportbase.h">
      <Filter>头文件</Filter>
    </ClInclude>
    <ClInclude Include="..\common\common.h">
      <Filter>common</Filter>
    </ClInclude>
    <ClInclude Include="..\common\socket\socket.h">
      <Filter>common\socket</Filter>
    </ClInclude>
    <ClInclude Include="..\common\socket\Impl\SocketUtil.h">
      <Filter>common\socket\Impl</Filter>
    </ClInclude>
    <ClInclude Include="..\common\status\status.h">
      <Filter>common\status</Filter>
    </ClInclude>
    <ClInclude Include="..\common\status\Defs\StatusDefs.h">
      <Filter>common\status\Defs</Filter>
    </ClInclude>
    <ClInclude Include="..\common\asyn\Lock\Lock.h">
      <Filter>common\asyn\Lock</Filter>
    </ClInclude>
    <ClInclude Include="..\common\asyn\Lock\Defs\MetaLocker.h">
      <Filter>common\asyn\Lock\Defs</Filter>
    </ClInclude>
    <ClInclude Include="..\common\basedefs\BaseDefs.h">
      <Filter>common\basedefs</Filter>
    </ClInclude>
    <ClInclude Include="..\common\basedefs\DataType\DataType.h">
      <Filter>common\basedefs\DataType</Filter>
    </ClInclude>
    <ClInclude Include="..\common\basedefs\DataType\InnerDataType\InnerDataType.h">
      <Filter>common\basedefs\DataType\InnerDataType</Filter>
    </ClInclude>
    <ClInclude Include="..\common\basedefs\DataType\ExportDataType\ExportDataType.h">
      <Filter>common\basedefs\DataType\ExportDataType</Filter>
    </ClInclude>
    <ClInclude Include="..\common\basedefs\DataType\InnerDataType\Defs\LockerHandle.h">
      <Filter>common\basedefs\DataType\InnerDataType\Defs</Filter>
    </ClInclude>
    <ClInclude Include="..\common\basedefs\Macro\MacroDefs.h">
      <Filter>common\basedefs\Macro</Filter>
    </ClInclude>
    <ClInclude Include="..\common\basedefs\Macro\Inner\InnerMacro.h">
      <Filter>common\basedefs\Macro\Inner</Filter>
    </ClInclude>
    <ClInclude Include="..\common\basedefs\Macro\Export\ExportMacro.h">
      <Filter>common\basedefs\Macro\Export</Filter>
    </ClInclude>
    <ClInclude Include="..\common\asyn\asyn.h">
      <Filter>common\asyn</Filter>
    </ClInclude>
    <ClInclude Include="..\common\assist\utils\utils.h">
      <Filter>common\assist\utils</Filter>
    </ClInclude>
    <ClInclude Include="..\common\assist\assist.h">
      <Filter>common\assist</Filter>
    </ClInclude>
    <ClInclude Include="..\common\assist\utils\Impl\ToolUtil.h">
      <Filter>common\assist\utils\Impl</Filter>
    </ClInclude>
    <ClInclude Include="..\common\assist\utils\Impl\ToolUtilImpl.h">
      <Filter>common\assist\utils\Impl</Filter>
    </ClInclude>
    <ClInclude Include="..\common\asyn\Lock\Impl\Locker.h">
      <Filter>common\asyn\Lock\Impl</Filter>
    </ClInclude>
    <ClInclude Include="..\common\assist\utils\Impl\ThreadUtil.h">
      <Filter>common\assist\utils\Impl</Filter>
    </ClInclude>
    <ClInclude Include="..\common\asyn\Lock\Impl\ConditionLocker.h">
      <Filter>common\asyn\Lock\Impl</Filter>
    </ClInclude>
    <ClInclude Include="..\common\assist\assistobjs\assistobjs.h">
      <Filter>common\assist\assistobjs</Filter>
    </ClInclude>
    <ClInclude Include="..\common\assist\assistobjs\Impl\SmartPtr.h">
      <Filter>common\assist\assistobjs\Impl</Filter>
    </ClInclude>
    <ClInclude Include="..\common\assist\assistobjs\Impl\SmartPtrImpl.h">
      <Filter>common\assist\assistobjs\Impl</Filter>
    </ClInclude>
    <ClInclude Include="..\common\assist\assistobjs\Defs\AssistObjsDefs.h">
      <Filter>common\assist\assistobjs\Defs</Filter>
    </ClInclude>
    <ClInclude Include="..\common\basedefs\Macro\ForAll\ForAllMacro.h">
      <Filter>common\basedefs\Macro\ForAll</Filter>
    </ClInclude>
    <ClInclude Include="..\common\basedefs\DataType\ForAll\ForAll.h">
      <Filter>common\basedefs\DataType\ForAll</Filter>
    </ClInclude>
    <ClInclude Include="..\common\assist\assistobjs\Defs\AssistObjsDefsImpl.h">
      <Filter>common\assist\assistobjs\Defs</Filter>
    </ClInclude>
    <ClInclude Include="..\common\assist\assistobjs\Impl\Singleton.h">
      <Filter>common\assist\assistobjs\Impl</Filter>
    </ClInclude>
    <ClInclude Include="..\common\assist\assistobjs\Impl\SingletonImpl.h">
      <Filter>common\assist\assistobjs\Impl</Filter>
    </ClInclude>
    <ClInclude Include="..\common\component\Impl\Trigger.h">
      <Filter>common\component\Impl</Filter>
    </ClInclude>
    <ClInclude Include="..\common\basedefs\Structure\structure.h">
      <Filter>common\basedefs\Structure</Filter>
    </ClInclude>
    <ClInclude Include="..\common\basedefs\Structure\Defs\BinaryArray.h">
      <Filter>common\basedefs\Structure\Defs</Filter>
    </ClInclude>
    <ClInclude Include="..\common\basedefs\Structure\Defs\BinaryArrayImpl.h">
      <Filter>common\basedefs\Structure\Defs</Filter>
    </ClInclude>
    <ClInclude Include="..\common\basedefs\Structure\Defs\SquareBinaryArray.h">
      <Filter>common\basedefs\Structure\Defs</Filter>
    </ClInclude>
    <ClInclude Include="..\common\component\component.h">
      <Filter>common\component</Filter>
    </ClInclude>
    <ClInclude Include="..\common\component\Defs\TriggerDefs.h">
      <Filter>common\component\Defs</Filter>
    </ClInclude>
    <ClInclude Include="..\common\assist\utils\Impl\STLUtil.h">
      <Filter>common\assist\utils\Impl</Filter>
    </ClInclude>
    <ClInclude Include="..\common\assist\utils\Impl\STLUtilImpl.h">
      <Filter>common\assist\utils\Impl</Filter>
    </ClInclude>
    <ClInclude Include="..\common\component\Impl\Time.h">
      <Filter>common\component\Impl</Filter>
    </ClInclude>
    <ClInclude Include="..\common\component\Impl\FS_String.h">
      <Filter>common\component\Impl</Filter>
    </ClInclude>
    <ClInclude Include="..\common\component\Impl\FS_StringImpl.h">
      <Filter>common\component\Impl</Filter>
    </ClInclude>
    <ClInclude Include="..\common\component\Impl\BufferAddapter.h">
      <Filter>common\component\Impl</Filter>
    </ClInclude>
    <ClInclude Include="..\common\component\Impl\BufferAddapterImpl.h">
      <Filter>common\component\Impl</Filter>
    </ClInclude>
    <ClInclude Include="..\common\assist\utils\Impl\TimeUtil.h">
      <Filter>common\assist\utils\Impl</Filter>
    </ClInclude>
    <ClInclude Include="..\common\component\Impl\FS_Delegate.h">
      <Filter>common\component\Impl</Filter>
    </ClInclude>
    <ClInclude Include="..\common\component\Impl\FS_DelegateImpl.h">
      <Filter>common\component\Impl</Filter>
    </ClInclude>
    <ClInclude Include="..\common\component\Impl\FS_ClassFactory.h">
      <Filter>common\component\Impl</Filter>
    </ClInclude>
    <ClInclude Include="..\common\component\Impl\FS_ClassFactoryImpl.h">
      <Filter>common\component\Impl</Filter>
    </ClInclude>
    <ClInclude Include="..\common\component\Impl\FS_ArgsExpander.h">
      <Filter>common\component\Impl</Filter>
    </ClInclude>
    <ClInclude Include="..\common\component\Impl\FS_ArgsExpanderImpl.h">
      <Filter>common\component\Impl</Filter>
    </ClInclude>
    <ClInclude Include="..\common\assist\utils\Impl\StringUtil.h">
      <Filter>common\assist\utils\Impl</Filter>
    </ClInclude>
    <ClInclude Include="..\common\component\Impl\FS_ThreadPool.h">
      <Filter>common\component\Impl</Filter>
    </ClInclude>
    <ClInclude Include="..\common\assist\utils\Impl\FS_DirectoryUtil.h">
      <Filter>common\assist\utils\Impl</Filter>
    </ClInclude>
    <ClInclude Include="..\common\assist\utils\Impl\FS_FileUtil.h">
      <Filter>common\assist\utils\Impl</Filter>
    </ClInclude>
    <ClInclude Include="..\common\assist\utils\Impl\WidthUtil.h">
      <Filter>common\assist\utils\Impl</Filter>
    </ClInclude>
    <ClInclude Include="..\common\assist\utils\Impl\WidthUtilImpl.h">
      <Filter>common\assist\utils\Impl</Filter>
    </ClInclude>
    <ClInclude Include="..\common\basedefs\Resource\Resource.h">
      <Filter>common\basedefs\Resource</Filter>
    </ClInclude>
    <ClInclude Include="..\common\basedefs\Resource\Inner\InnerResource.h">
      <Filter>common\basedefs\Resource\Inner</Filter>
    </ClInclude>
    <ClInclude Include="..\common\basedefs\Resource\ForAll\ForAllResource.h">
      <Filter>common\basedefs\Resource\ForAll</Filter>
    </ClInclude>
    <ClInclude Include="..\common\component\Impl\TimeSlice.h">
      <Filter>common\component\Impl</Filter>
    </ClInclude>
    <ClInclude Include="..\common\component\Impl\TimeSliceImpl.h">
      <Filter>common\component\Impl</Filter>
    </ClInclude>
    <ClInclude Include="..\common\component\Impl\File\FS_File.h">
      <Filter>common\component\Impl\File</Filter>
    </ClInclude>
    <ClInclude Include="..\common\component\Impl\File\LogFile.h">
      <Filter>common\component\Impl\File</Filter>
    </ClInclude>
    <ClInclude Include="..\common\component\Impl\File\Defs\FileDefs.h">
      <Filter>common\component\Impl\File\Defs</Filter>
    </ClInclude>
    <ClInclude Include="..\common\component\Impl\File\LogFileImpl.h">
      <Filter>common\component\Impl\File</Filter>
    </ClInclude>
    <ClInclude Include="..\..\3rd\3rd.h">
      <Filter>3rd</Filter>
    </ClInclude>
    <ClInclude Include="..\common\component\Impl\File\FS_IniFile.h">
      <Filter>common\component\Impl\File</Filter>
    </ClInclude>
    <ClInclude Include="..\common\assist\utils\Impl\FS_IPUtil.h">
      <Filter>common\assist\utils\Impl</Filter>
    </ClInclude>
    <ClInclude Include="..\common\assist\utils\Defs\FS_IPUtilDefs.h">
      <Filter>common\assist\utils\Defs</Filter>
    </ClInclude>
    <ClInclude Include="..\common\component\Defs\FS_AesDefs.h">
      <Filter>common\component\Defs</Filter>
    </ClInclude>
    <ClInclude Include="..\common\component\Impl\FS_Random.h">
      <Filter>common\component\Impl</Filter>
    </ClInclude>
    <ClInclude Include="..\common\component\Impl\FS_RandomImpl.h">
      <Filter>common\component\Impl</Filter>
    </ClInclude>
    <ClInclude Include="..\common\component\Impl\Aes\FS_Aes.h">
      <Filter>common\component\Impl\Aes</Filter>
    </ClInclude>
    <ClInclude Include="..\common\assist\utils\Impl\FS_BitUtil.h">
      <Filter>common\assist\utils\Impl</Filter>
    </ClInclude>
    <ClInclude Include="..\common\assist\utils\Impl\FS_BitUtilImpl.h">
      <Filter>common\assist\utils\Impl</Filter>
    </ClInclude>
    <ClInclude Include="..\common\component\Impl\SmartVar\SmartVarImpl.h">
      <Filter>common\component\Impl\SmartVar</Filter>
    </ClInclude>
    <ClInclude Include="..\common\component\Impl\SmartVar\SmartVar.h">
      <Filter>common\component\Impl\SmartVar</Filter>
    </ClInclude>
    <ClInclude Include="..\common\component\Impl\SmartVar\SmartVarTraits.h">
      <Filter>common\component\Impl\SmartVar</Filter>
    </ClInclude>
    <ClInclude Include="..\common\basedefs\Macro\ForAll\GlobalDefs.h">
      <Filter>common\basedefs\Macro\ForAll</Filter>
    </ClInclude>
    <ClInclude Include="..\common\assist\utils\Impl\StringUtilImpl.h">
      <Filter>common\assist\utils\Impl</Filter>
    </ClInclude>
    <ClInclude Include="..\common\component\Impl\SmartVar\SmartVarArithmetic.h">
      <Filter>common\component\Impl\SmartVar</Filter>
    </ClInclude>
    <ClInclude Include="..\common\component\Impl\SmartVar\SmartVarArithmeticImpl.h">
      <Filter>common\component\Impl\SmartVar</Filter>
    </ClInclude>
    <ClInclude Include="..\common\component\Impl\TimeWheel\FS_Timer.h">
      <Filter>common\component\Impl\TimeWheel</Filter>
    </ClInclude>
    <ClInclude Include="..\common\component\Impl\TimeWheel\FS_TimerImpl.h">
      <Filter>common\component\Impl\TimeWheel</Filter>
    </ClInclude>
    <ClInclude Include="..\common\component\Impl\TimeWheel\Comp\TimeData.h">
      <Filter>common\component\Impl\TimeWheel\Comp</Filter>
    </ClInclude>
    <ClInclude Include="..\common\component\Impl\TimeWheel\Comp\TimeDataImpl.h">
      <Filter>common\component\Impl\TimeWheel\Comp</Filter>
    </ClInclude>
    <ClInclude Include="..\common\component\Impl\TimeWheel\TimeWheel.h">
      <Filter>common\component\Impl\TimeWheel</Filter>
    </ClInclude>
    <ClInclude Include="..\common\component\Impl\TimeWheel\TimeWheelImpl.h">
      <Filter>common\component\Impl\TimeWheel</Filter>
    </ClInclude>
    <ClInclude Include="..\common\component\Impl\GlobalInitialize.h">
      <Filter>common\component\Impl</Filter>
    </ClInclude>
    <ClInclude Include="..\common\assist\utils\Impl\SystemUtil.h">
      <Filter>common\assist\utils\Impl</Filter>
    </ClInclude>
    <ClInclude Include="..\common\assist\utils\Impl\SystemUtilImpl.h">
      <Filter>common\assist\utils\Impl</Filter>
    </ClInclude>
    <ClInclude Include="..\common\basedefs\DataType\ForAll\Defs\NetDataType.h">
      <Filter>common\basedefs\DataType\ForAll\Defs</Filter>
    </ClInclude>
    <ClInclude Include="..\common\socket\Defs\SocketDefs.h">
      <Filter>common\socket\Defs</Filter>
    </ClInclude>
    <ClInclude Include="..\common\log\Log.h">
      <Filter>common\log</Filter>
    </ClInclude>
    <ClInclude Include="..\common\log\Interface\ILog.h">
      <Filter>common\log\Interface</Filter>
    </ClInclude>
    <ClInclude Include="..\common\log\Impl\FS_Log.h">
      <Filter>common\log\Impl</Filter>
    </ClInclude>
    <ClInclude Include="..\common\log\Impl\FS_LogImpl.h">
      <Filter>common\log\Impl</Filter>
    </ClInclude>
    <ClInclude Include="..\common\log\Defs\LogData.h">
      <Filter>common\log\Defs</Filter>
    </ClInclude>
    <ClInclude Include="..\common\log\Interface\ILogImpl.h">
      <Filter>common\log\Interface</Filter>
    </ClInclude>
    <ClInclude Include="..\common\log\Defs\LogDefs.h">
      <Filter>common\log\Defs</Filter>
    </ClInclude>
    <ClInclude Include="..\common\log\Defs\LogDefsImpl.h">
      <Filter>common\log\Defs</Filter>
    </ClInclude>
    <ClInclude Include="..\common\log\Defs\CreateLogFileMacro.h">
      <Filter>common\log\Defs</Filter>
    </ClInclude>
    <ClInclude Include="..\common\log\Defs\LogTask.h">
      <Filter>common\log\Defs</Filter>
    </ClInclude>
    <ClInclude Include="..\common\assist\utils\Defs\SystemUtilDefs.h">
      <Filter>common\assist\utils\Defs</Filter>
    </ClInclude>
    <ClInclude Include="..\common\log\Defs\LogCaches.h">
      <Filter>common\log\Defs</Filter>
    </ClInclude>
    <ClInclude Include="..\common\component\Impl\FS_CpuInfo.h">
      <Filter>common\component\Impl</Filter>
    </ClInclude>
    <ClInclude Include="..\common\Global\EasyGlobal.h">
      <Filter>common\Global</Filter>
    </ClInclude>
    <ClInclude Include="..\common\Global\Interface\IEasyGlobal.h">
      <Filter>common\Global\Interface</Filter>
    </ClInclude>
    <ClInclude Include="..\common\Global\Defs\EasyGlobalMacros.h">
      <Filter>common\Global\Defs</Filter>
    </ClInclude>
    <ClInclude Include="..\common\component\Impl\XorEncrypt.h">
      <Filter>common\component\Impl</Filter>
    </ClInclude>
    <ClInclude Include="..\common\assist\utils\Impl\KeyGeneratorUtil.h">
      <Filter>common\assist\utils\Impl</Filter>
    </ClInclude>
    <ClInclude Include="..\common\crashhandle\CrashHandle.h">
      <Filter>common\crashhandle</Filter>
    </ClInclude>
    <ClInclude Include="..\common\crashhandle\Impl\CrashHandleUtil.h">
      <Filter>common\crashhandle\Impl</Filter>
    </ClInclude>
    <ClInclude Include="..\common\objpool\objpool.h">
      <Filter>common\objpool</Filter>
    </ClInclude>
    <ClInclude Include="..\common\Application\Application.h">
      <Filter>common\Application</Filter>
    </ClInclude>
    <ClInclude Include="..\common\Application\Interface\IApplication.h">
      <Filter>common\Application\Interface</Filter>
    </ClInclude>
    <ClInclude Include="..\common\assist\utils\Impl\MathUtil.h">
      <Filter>common\assist\utils\Impl</Filter>
    </ClInclude>
    <ClInclude Include="..\common\net\Impl\Iocp\Example.h">
      <Filter>common\net\Impl\Iocp</Filter>
    </ClInclude>
    <ClInclude Include="..\common\net\Defs\IocpDefs.h">
      <Filter>common\net\Defs</Filter>
    </ClInclude>
    <ClInclude Include="..\common\objpool\Defs\ObjAlloctor.h">
      <Filter>common\objpool\Defs</Filter>
    </ClInclude>
    <ClInclude Include="..\common\objpool\Defs\ObjAlloctorImpl.h">
      <Filter>common\objpool\Defs</Filter>
    </ClInclude>
    <ClInclude Include="..\common\objpool\Impl\ObjPoolHelper.h">
      <Filter>common\objpool\Impl</Filter>
    </ClInclude>
    <ClInclude Include="..\common\objpool\Impl\ObjPoolHelperImpl.h">
      <Filter>common\objpool\Impl</Filter>
    </ClInclude>
    <ClInclude Include="..\common\objpool\Defs\ObjPoolDefs.h">
      <Filter>common\objpool\Defs</Filter>
    </ClInclude>
    <ClInclude Include="..\common\memorypool\Defs\MemoryAlloctor.h">
      <Filter>common\memorypool\Defs</Filter>
    </ClInclude>
    <ClInclude Include="..\common\memorypool\Defs\MemoryAlloctorImpl.h">
      <Filter>common\memorypool\Defs</Filter>
    </ClInclude>
    <ClInclude Include="..\common\memorypool\Defs\MemoryBlock.h">
      <Filter>common\memorypool\Defs</Filter>
    </ClInclude>
    <ClInclude Include="..\common\memorypool\Defs\MemoryPoolCreateDefs.h">
      <Filter>common\memorypool\Defs</Filter>
    </ClInclude>
    <ClInclude Include="..\common\memorypool\Impl\MemoryPoolMgr.h">
      <Filter>common\memorypool\Impl</Filter>
    </ClInclude>
    <ClInclude Include="..\common\memorypool\Interface\IMemoryPool.h">
      <Filter>common\memorypool\Interface</Filter>
    </ClInclude>
    <ClInclude Include="..\common\memorypool\Interface\IMemoryPoolMgr.h">
      <Filter>common\memorypool\Interface</Filter>
    </ClInclude>
    <ClInclude Include="..\common\memorypool\memorypool.h">
      <Filter>common\memorypool</Filter>
    </ClInclude>
    <ClInclude Include="..\common\objpool\Defs\AlloctorNode.h">
      <Filter>common\objpool\Defs</Filter>
    </ClInclude>
    <ClInclude Include="..\common\objpool\Defs\AlloctorNodeImpl.h">
      <Filter>common\objpool\Defs</Filter>
    </ClInclude>
    <ClInclude Include="..\common\component\Impl\Task\Task.h">
      <Filter>common\component\Impl\Task</Filter>
    </ClInclude>
    <ClInclude Include="..\common\component\Impl\Task\Impl\DelegateTask.h">
      <Filter>common\component\Impl\Task\Impl</Filter>
    </ClInclude>
    <ClInclude Include="..\common\component\Impl\Task\Interface\ITask.h">
      <Filter>common\component\Impl\Task\Interface</Filter>
    </ClInclude>
    <ClInclude Include="..\common\component\Impl\Task\Impl\DelegateTaskImpl.h">
      <Filter>common\component\Impl\Task\Impl</Filter>
    </ClInclude>
    <ClInclude Include="..\common\memleak\memleak.h">
      <Filter>common\memleak</Filter>
    </ClInclude>
    <ClInclude Include="..\common\memleak\Impl\MemleakMonitor.h">
      <Filter>common\memleak\Impl</Filter>
    </ClInclude>
    <ClInclude Include="..\common\assist\utils\Impl\FS_GuidUtil.h">
      <Filter>common\assist\utils\Impl</Filter>
    </ClInclude>
    <ClInclude Include="..\common\assist\utils\Defs\FS_GuidUtilDefs.h">
      <Filter>common\assist\utils\Defs</Filter>
    </ClInclude>
    <ClInclude Include="..\common\event\event.h">
      <Filter>common\event</Filter>
    </ClInclude>
    <ClInclude Include="..\common\event\Impl\EventManager.h">
      <Filter>common\event\Impl</Filter>
    </ClInclude>
    <ClInclude Include="..\common\event\Impl\EventManagerImpl.h">
      <Filter>common\event\Impl</Filter>
    </ClInclude>
    <ClInclude Include="..\common\event\Impl\FS_Event.h">
      <Filter>common\event\Impl</Filter>
    </ClInclude>
    <ClInclude Include="..\common\event\Impl\FS_EventImpl.h">
      <Filter>common\event\Impl</Filter>
    </ClInclude>
    <ClInclude Include="..\common\event\Defs\EventDefs.h">
      <Filter>common\event\Defs</Filter>
    </ClInclude>
    <ClInclude Include="..\common\net\Interface\INetEvent.h">
      <Filter>common\net\Interface</Filter>
    </ClInclude>
    <ClInclude Include="..\common\net\Impl\FS_TcpServer.h">
      <Filter>common\net\Impl</Filter>
    </ClInclude>
    <ClInclude Include="..\common\net\Defs\FS_NetDefs.h">
      <Filter>common\net\Defs</Filter>
    </ClInclude>
    <ClInclude Include="..\common\net\Impl\FS_TcpServerImpl.h">
      <Filter>common\net\Impl</Filter>
    </ClInclude>
    <ClInclude Include="..\common\net\Impl\FS_Server.h">
      <Filter>common\net\Impl</Filter>
    </ClInclude>
    <ClInclude Include="..\common\net\Impl\FS_ServerImpl.h">
      <Filter>common\net\Impl</Filter>
    </ClInclude>
    <ClInclude Include="..\common\net\Impl\FS_Client.h">
      <Filter>common\net\Impl</Filter>
    </ClInclude>
    <ClInclude Include="..\common\net\Impl\FS_ClientImpl.h">
      <Filter>common\net\Impl</Filter>
    </ClInclude>
    <ClInclude Include="..\common\objpool\Defs\FS_ObjPoolDefs.h">
      <Filter>common\objpool\Defs</Filter>
    </ClInclude>
    <ClInclude Include="..\common\net\Defs\FS_NetBuffer.h">
      <Filter>common\net\Defs</Filter>
    </ClInclude>
    <ClInclude Include="..\common\net\Defs\FS_NetBufferImpl.h">
      <Filter>common\net\Defs</Filter>
    </ClInclude>
    <ClInclude Include="..\common\memorypool\Defs\MemoryPoolDefs.h">
      <Filter>common\memorypool\Defs</Filter>
    </ClInclude>
    <ClInclude Include="..\common\memorypool\Defs\MemBlocksNode.h">
      <Filter>common\memorypool\Defs</Filter>
    </ClInclude>
    <ClInclude Include="..\common\memorypool\Defs\MemBlocksNodeImpl.h">
      <Filter>common\memorypool\Defs</Filter>
    </ClInclude>
    <ClInclude Include="..\common\net\Impl\FS_Iocp.h">
      <Filter>common\net\Impl</Filter>
    </ClInclude>
    <ClInclude Include="..\common\net\Impl\FS_IocpImpl.h">
      <Filter>common\net\Impl</Filter>
    </ClInclude>
    <ClInclude Include="..\common\net\Impl\FS_IocpMsgTransferServer.h">
      <Filter>common\net\Impl</Filter>
    </ClInclude>
    <ClInclude Include="..\common\net\Impl\FS_IocpMsgTransferServerImpl.h">
      <Filter>common\net\Impl</Filter>
    </ClInclude>
    <ClInclude Include="..\common\net\Impl\FS_MainIocpServer.h">
      <Filter>common\net\Impl</Filter>
    </ClInclude>
    <ClInclude Include="..\common\net\Impl\FS_MainIocpServerImpl.h">
      <Filter>common\net\Impl</Filter>
    </ClInclude>
    <ClInclude Include="..\common\component\Impl\FS_Stream.h">
      <Filter>common\component\Impl</Filter>
    </ClInclude>
    <ClInclude Include="..\common\component\Impl\FS_StreamImpl.h">
      <Filter>common\component\Impl</Filter>
    </ClInclude>
    <ClInclude Include="..\common\net\Impl\FS_MsgReadStream.h">
      <Filter>common\net\Impl</Filter>
    </ClInclude>
    <ClInclude Include="..\common\net\Impl\FS_MsgReadStreamImpl.h">
      <Filter>common\net\Impl</Filter>
    </ClInclude>
    <ClInclude Include="..\common\net\Impl\FS_MsgWriteStream.h">
      <Filter>common\net\Impl</Filter>
    </ClInclude>
    <ClInclude Include="..\common\net\Impl\FS_MsgWriteStreamImpl.h">
      <Filter>common\net\Impl</Filter>
    </ClInclude>
    <ClInclude Include="..\common\component\Impl\SingletonAgency.h">
      <Filter>common\component\Impl</Filter>
    </ClInclude>
    <ClInclude Include="..\common\component\Impl\SingletonAgencyImpl.h">
      <Filter>common\component\Impl</Filter>
    </ClInclude>
    <ClInclude Include="..\common\net\Defs\HeartBeatComp.h">
      <Filter>common\net\Defs</Filter>
    </ClInclude>
    <ClInclude Include="..\common\net\Defs\HeartBeatCompImpl.h">
      <Filter>common\net\Defs</Filter>
    </ClInclude>
    <ClInclude Include="..\common\net\Defs\FS_NetBufferArray.h">
      <Filter>common\net\Defs</Filter>
    </ClInclude>
    <ClInclude Include="..\common\net\Defs\FS_NetBufferArrayImpl.h">
      <Filter>common\net\Defs</Filter>
    </ClInclude>
    <ClInclude Include="..\common\component\Impl\FS_List\FS_List.h">
      <Filter>common\component\Impl\FS_List</Filter>
    </ClInclude>
    <ClInclude Include="..\common\component\Impl\FS_List\Impl\FS_List.h">
      <Filter>common\component\Impl\FS_List\Impl</Filter>
    </ClInclude>
    <ClInclude Include="..\common\component\Impl\FS_List\Impl\FS_ListImpl.h">
      <Filter>common\component\Impl\FS_List\Impl</Filter>
    </ClInclude>
    <ClInclude Include="..\common\component\Impl\FS_List\Defs\ListNode.h">
      <Filter>common\component\Impl\FS_List\Defs</Filter>
    </ClInclude>
    <ClInclude Include="..\common\component\Impl\FS_List\Defs\ListNodeImpl.h">
      <Filter>common\component\Impl\FS_List\Defs</Filter>
    </ClInclude>
    <ClInclude Include="..\common\net\Defs\FS_Packet.h">
      <Filter>common\net\Defs</Filter>
    </ClInclude>
    <ClInclude Include="..\common\net\Defs\FS_PacketImpl.h">
      <Filter>common\net\Defs</Filter>
    </ClInclude>
    <ClInclude Include="..\common\net\Defs\Sender.h">
      <Filter>common\net\Defs</Filter>
    </ClInclude>
    <ClInclude Include="..\common\net\Defs\SenderImpl.h">
      <Filter>common\net\Defs</Filter>
    </ClInclude>
    <ClInclude Include="..\common\net\Defs\PacketQueueNode.h">
      <Filter>common\net\Defs</Filter>
    </ClInclude>
    <ClInclude Include="..\common\net\Impl\FS_Session.h">
      <Filter>common\net\Impl</Filter>
    </ClInclude>
    <ClInclude Include="..\common\net\Impl\FS_SessionImpl.h">
      <Filter>common\net\Impl</Filter>
    </ClInclude>
    <ClInclude Include="..\common\net\Impl\FS_SessionMgr.h">
      <Filter>common\net\Impl</Filter>
    </ClInclude>
    <ClInclude Include="..\common\net\Impl\FS_SessionMgrImpl.h">
      <Filter>common\net\Impl</Filter>
    </ClInclude>
    <ClInclude Include="..\common\net\Impl\FS_Addr.h">
      <Filter>common\net\Impl</Filter>
    </ClInclude>
    <ClInclude Include="..\common\net\Impl\FS_AddrImpl.h">
      <Filter>common\net\Impl</Filter>
    </ClInclude>
    <ClInclude Include="..\common\net\Impl\FS_ServerCore.h">
      <Filter>common\net\Impl</Filter>
    </ClInclude>
    <ClInclude Include="..\common\net\Impl\FS_ServerCoreImpl.h">
      <Filter>common\net\Impl</Filter>
    </ClInclude>
    <ClInclude Include="..\common\net\Impl\IFS_ServerConfigMgr.h">
      <Filter>common\net\Impl</Filter>
    </ClInclude>
    <ClInclude Include="..\common\net\Impl\FS_ServerConfigMgrFactory.h">
      <Filter>common\net\Impl</Filter>
    </ClInclude>
    <ClInclude Include="..\common\net\Impl\FS_ConnectorFactory.h">
      <Filter>common\net\Impl</Filter>
    </ClInclude>
    <ClInclude Include="..\common\net\Impl\IFS_Connector.h">
      <Filter>common\net\Impl</Filter>
    </ClInclude>
    <ClInclude Include="..\common\net\Impl\IFS_ConnectorImpl.h">
      <Filter>common\net\Impl</Filter>
    </ClInclude>
    <ClInclude Include="..\common\net\Impl\FS_IocpConnector.h">
      <Filter>common\net\Impl</Filter>
    </ClInclude>
    <ClInclude Include="..\common\net\Impl\IFS_MsgTransfer.h">
      <Filter>common\net\Impl</Filter>
    </ClInclude>
    <ClInclude Include="..\common\net\Impl\IFS_MsgTransferImpl.h">
      <Filter>common\net\Impl</Filter>
    </ClInclude>
    <ClInclude Include="..\common\net\Impl\FS_MsgTransferFactory.h">
      <Filter>common\net\Impl</Filter>
    </ClInclude>
    <ClInclude Include="..\common\net\Impl\FS_IocpMsgTransfer.h">
      <Filter>common\net\Impl</Filter>
    </ClInclude>
    <ClInclude Include="..\common\net\Impl\FS_IocpMsgTransferImpl.h">
      <Filter>common\net\Impl</Filter>
    </ClInclude>
    <ClInclude Include="..\common\net\Impl\IFS_MsgHandler.h">
      <Filter>common\net\Impl</Filter>
    </ClInclude>
    <ClInclude Include="..\common\net\Impl\FS_IocpMsgHandler.h">
      <Filter>common\net\Impl</Filter>
    </ClInclude>
    <ClInclude Include="..\common\net\Impl\FS_IocpMsgHandlerImpl.h">
      <Filter>common\net\Impl</Filter>
    </ClInclude>
    <ClInclude Include="..\common\net\Impl\FS_MsgHandlerFactory.h">
      <Filter>common\net\Impl</Filter>
    </ClInclude>
    <ClInclude Include="..\common\net\Defs\FS_SessionInfo.h">
      <Filter>common\net\Defs</Filter>
    </ClInclude>
    <ClInclude Include="..\common\assist\utils\Impl\RTTIUtil.h">
      <Filter>common\assist\utils\Impl</Filter>
    </ClInclude>
    <ClInclude Include="..\common\assist\utils\Impl\RTTIUtilImpl.h">
      <Filter>common\assist\utils\Impl</Filter>
    </ClInclude>
    <ClInclude Include="..\common\component\Defs\TlsElementDefs.h">
      <Filter>common\component\Defs</Filter>
    </ClInclude>
    <ClInclude Include="..\common\component\Defs\TlsElementDefsImpl.h">
      <Filter>common\component\Defs</Filter>
    </ClInclude>
    <ClInclude Include="..\common\component\Defs\ITlsBase.h">
      <Filter>common\component\Defs</Filter>
    </ClInclude>
    <ClInclude Include="..\common\component\Defs\ITlsBaseImpl.h">
      <Filter>common\component\Defs</Filter>
    </ClInclude>
    <ClInclude Include="..\common\component\Impl\FS_TlsTable.h">
      <Filter>common\component\Impl</Filter>
    </ClInclude>
    <ClInclude Include="..\common\component\Impl\FS_TlsTableImpl.h">
      <Filter>common\component\Impl</Filter>
    </ClInclude>
    <ClInclude Include="..\common\component\Impl\ThreadTlsTableMgr.h">
      <Filter>common\component\Impl</Filter>
    </ClInclude>
    <ClInclude Include="..\common\component\Impl\ThreadTlsTableMgrImpl.h">
      <Filter>common\component\Impl</Filter>
    </ClInclude>
  </ItemGroup>
  <ItemGroup>
    <ClCompile Include="stdafx.cpp">
      <Filter>源文件</Filter>
    </ClCompile>
    <ClCompile Include="base.cpp">
      <Filter>源文件</Filter>
    </ClCompile>
    <ClCompile Include="dllmain.cpp">
      <Filter>源文件</Filter>
    </ClCompile>
    <ClCompile Include="..\common\socket\Impl\SocketUtil.cpp">
      <Filter>common\socket\Impl</Filter>
    </ClCompile>
    <ClCompile Include="..\common\asyn\Lock\Defs\MetaLocker.cpp">
      <Filter>common\asyn\Lock\Defs</Filter>
    </ClCompile>
    <ClCompile Include="..\common\basedefs\DataType\InnerDataType\Defs\LockerHandle.cpp">
      <Filter>common\basedefs\DataType\InnerDataType\Defs</Filter>
    </ClCompile>
    <ClCompile Include="..\common\assist\utils\Impl\ToolUtil.cpp">
      <Filter>common\assist\utils\Impl</Filter>
    </ClCompile>
    <ClCompile Include="..\common\asyn\Lock\Impl\Locker.cpp">
      <Filter>common\asyn\Lock\Impl</Filter>
    </ClCompile>
    <ClCompile Include="..\common\assist\utils\Impl\ThreadUtil.cpp">
      <Filter>common\assist\utils\Impl</Filter>
    </ClCompile>
    <ClCompile Include="..\common\asyn\Lock\Impl\ConditionLocker.cpp">
      <Filter>common\asyn\Lock\Impl</Filter>
    </ClCompile>
    <ClCompile Include="..\common\assist\assistobjs\Defs\AssistObjsDefs.cpp">
      <Filter>common\assist\assistobjs\Defs</Filter>
    </ClCompile>
    <ClCompile Include="..\common\component\Impl\Trigger.cpp">
      <Filter>common\component\Impl</Filter>
    </ClCompile>
    <ClCompile Include="..\common\component\Defs\TriggerDefs.cpp">
      <Filter>common\component\Defs</Filter>
    </ClCompile>
    <ClCompile Include="..\common\net\protocol\defs\ProtocolDefs.cpp">
      <Filter>common\net\protocol\defs</Filter>
    </ClCompile>
    <ClCompile Include="..\common\component\Impl\Time.cpp">
      <Filter>common\component\Impl</Filter>
    </ClCompile>
    <ClCompile Include="..\common\component\Impl\FS_String.cpp">
      <Filter>common\component\Impl</Filter>
    </ClCompile>
    <ClCompile Include="..\common\assist\utils\Impl\TimeUtil.cpp">
      <Filter>common\assist\utils\Impl</Filter>
    </ClCompile>
    <ClCompile Include="..\common\assist\utils\Impl\StringUtil.cpp">
      <Filter>common\assist\utils\Impl</Filter>
    </ClCompile>
    <ClCompile Include="..\common\component\Impl\FS_ThreadPool.cpp">
      <Filter>common\component\Impl</Filter>
    </ClCompile>
    <ClCompile Include="..\common\assist\utils\Impl\FS_DirectoryUtil.cpp">
      <Filter>common\assist\utils\Impl</Filter>
    </ClCompile>
    <ClCompile Include="..\common\assist\utils\Impl\FS_FileUtil.cpp">
      <Filter>common\assist\utils\Impl</Filter>
    </ClCompile>
    <ClCompile Include="..\common\assist\utils\Impl\WidthUtil.cpp">
      <Filter>common\assist\utils\Impl</Filter>
    </ClCompile>
    <ClCompile Include="..\common\component\Impl\TimeSlice.cpp">
      <Filter>common\component\Impl</Filter>
    </ClCompile>
    <ClCompile Include="..\common\component\Impl\File\FS_File.cpp">
      <Filter>common\component\Impl\File</Filter>
    </ClCompile>
    <ClCompile Include="..\common\component\Impl\File\LogFile.cpp">
      <Filter>common\component\Impl\File</Filter>
    </ClCompile>
    <ClCompile Include="..\common\component\Impl\File\FS_IniFile.cpp">
      <Filter>common\component\Impl\File</Filter>
    </ClCompile>
    <ClCompile Include="..\common\assist\utils\Impl\FS_IPUtil.cpp">
      <Filter>common\assist\utils\Impl</Filter>
    </ClCompile>
    <ClCompile Include="..\common\component\Impl\Aes\FS_Aes.cpp">
      <Filter>common\component\Impl\Aes</Filter>
    </ClCompile>
    <ClCompile Include="..\common\component\Impl\FS_Random.cpp">
      <Filter>common\component\Impl</Filter>
    </ClCompile>
    <ClCompile Include="..\..\3rd\tiny-utf8\lib\tinyutf8.cpp">
      <Filter>3rd\tiny-utf8\lib</Filter>
    </ClCompile>
    <ClCompile Include="..\common\assist\utils\Impl\FS_BitUtil.cpp">
      <Filter>common\assist\utils\Impl</Filter>
    </ClCompile>
    <ClCompile Include="..\common\component\Impl\SmartVar\SmartVar.cpp">
      <Filter>common\component\Impl\SmartVar</Filter>
    </ClCompile>
    <ClCompile Include="..\common\component\Impl\SmartVar\SmartVarTraits.cpp">
      <Filter>common\component\Impl\SmartVar</Filter>
    </ClCompile>
    <ClCompile Include="..\common\basedefs\Macro\ForAll\GlobalDefs.cpp">
      <Filter>common\basedefs\Macro\ForAll</Filter>
    </ClCompile>
    <ClCompile Include="..\common\component\Impl\SmartVar\SmartVarArithmetic.cpp">
      <Filter>common\component\Impl\SmartVar</Filter>
    </ClCompile>
    <ClCompile Include="..\common\component\Impl\TimeWheel\FS_Timer.cpp">
      <Filter>common\component\Impl\TimeWheel</Filter>
    </ClCompile>
    <ClCompile Include="..\common\component\Impl\TimeWheel\Comp\TimeData.cpp">
      <Filter>common\component\Impl\TimeWheel\Comp</Filter>
    </ClCompile>
    <ClCompile Include="..\common\component\Impl\TimeWheel\TimeWheel.cpp">
      <Filter>common\component\Impl\TimeWheel</Filter>
    </ClCompile>
    <ClCompile Include="..\common\component\Impl\GlobalInitialize.cpp">
      <Filter>common\component\Impl</Filter>
    </ClCompile>
    <ClCompile Include="..\common\assist\utils\Impl\SystemUtil.cpp">
      <Filter>common\assist\utils\Impl</Filter>
    </ClCompile>
    <ClCompile Include="..\common\log\Impl\FS_Log.cpp">
      <Filter>common\log\Impl</Filter>
    </ClCompile>
    <ClCompile Include="..\common\log\Defs\LogData.cpp">
      <Filter>common\log\Defs</Filter>
    </ClCompile>
    <ClCompile Include="..\common\log\Interface\ILog.cpp">
      <Filter>common\log\Interface</Filter>
    </ClCompile>
    <ClCompile Include="..\common\log\Defs\LogTask.cpp">
      <Filter>common\log\Defs</Filter>
    </ClCompile>
    <ClCompile Include="..\common\assist\utils\Defs\SystemUtilDefs.cpp">
      <Filter>common\assist\utils\Defs</Filter>
    </ClCompile>
    <ClCompile Include="..\common\log\Defs\LogCaches.cpp">
      <Filter>common\log\Defs</Filter>
    </ClCompile>
    <ClCompile Include="..\common\component\Impl\FS_CpuInfo.cpp">
      <Filter>common\component\Impl</Filter>
    </ClCompile>
    <ClCompile Include="..\common\component\Impl\XorEncrypt.cpp">
      <Filter>common\component\Impl</Filter>
    </ClCompile>
    <ClCompile Include="..\common\assist\utils\Impl\KeyGeneratorUtil.cpp">
      <Filter>common\assist\utils\Impl</Filter>
    </ClCompile>
    <ClCompile Include="..\common\crashhandle\Impl\CrashHandleUtil.cpp">
      <Filter>common\crashhandle\Impl</Filter>
    </ClCompile>
    <ClCompile Include="..\common\crashhandle\Impl\IEasyGlobal.cpp">
      <Filter>common\Global\Interface</Filter>
    </ClCompile>
    <ClCompile Include="..\common\Application\Interface\IApplication.cpp">
      <Filter>common\Application\Interface</Filter>
    </ClCompile>
    <ClCompile Include="..\common\assist\utils\Impl\MathUtil.cpp">
      <Filter>common\assist\utils\Impl</Filter>
    </ClCompile>
    <ClCompile Include="..\common\net\Impl\Iocp\Example.cpp">
      <Filter>common\net\Impl\Iocp</Filter>
    </ClCompile>
    <ClCompile Include="..\common\net\Defs\IocpDefs.cpp">
      <Filter>common\net\Defs</Filter>
    </ClCompile>
    <ClCompile Include="..\common\objpool\Impl\ObjPoolHelper.cpp">
      <Filter>common\objpool\Impl</Filter>
    </ClCompile>
    <ClCompile Include="..\common\objpool\Defs\ObjPoolDefs.cpp">
      <Filter>common\objpool\Defs</Filter>
    </ClCompile>
    <ClCompile Include="..\common\memorypool\Defs\MemoryAlloctor.cpp">
      <Filter>common\memorypool\Defs</Filter>
    </ClCompile>
    <ClCompile Include="..\common\memorypool\Defs\MemoryBlock.cpp">
      <Filter>common\memorypool\Defs</Filter>
    </ClCompile>
    <ClCompile Include="..\common\memorypool\Defs\MemoryPoolCreateDefs.cpp">
      <Filter>common\memorypool\Defs</Filter>
    </ClCompile>
    <ClCompile Include="..\common\memorypool\Impl\MemoryPoolMgr.cpp">
      <Filter>common\memorypool\Impl</Filter>
    </ClCompile>
    <ClCompile Include="..\common\memorypool\Interface\IMemoryPool.cpp">
      <Filter>common\memorypool\Interface</Filter>
    </ClCompile>
    <ClCompile Include="..\common\memorypool\Interface\IMemoryPoolMgr.cpp">
      <Filter>common\memorypool\Interface</Filter>
    </ClCompile>
    <ClCompile Include="..\common\component\Impl\Task\Impl\DelegateTask.cpp">
      <Filter>common\component\Impl\Task\Impl</Filter>
    </ClCompile>
    <ClCompile Include="..\common\memleak\Impl\MemleakMonitor.cpp">
      <Filter>common\memleak\Impl</Filter>
    </ClCompile>
    <ClCompile Include="..\common\assist\utils\Impl\FS_GuidUtil.cpp">
      <Filter>common\assist\utils\Impl</Filter>
    </ClCompile>
    <ClCompile Include="..\common\event\Impl\EventManager.cpp">
      <Filter>common\event\Impl</Filter>
    </ClCompile>
    <ClCompile Include="..\common\event\Impl\FS_Event.cpp">
      <Filter>common\event\Impl</Filter>
    </ClCompile>
    <ClCompile Include="..\common\net\Impl\FS_TcpServer.cpp">
      <Filter>common\net\Impl</Filter>
    </ClCompile>
    <ClCompile Include="..\common\net\Impl\FS_Server.cpp">
      <Filter>common\net\Impl</Filter>
    </ClCompile>
    <ClCompile Include="..\common\net\Impl\FS_Client.cpp">
      <Filter>common\net\Impl</Filter>
    </ClCompile>
    <ClCompile Include="..\common\net\Defs\FS_NetBuffer.cpp">
      <Filter>common\net\Defs</Filter>
    </ClCompile>
    <ClCompile Include="..\common\net\Impl\FS_Iocp.cpp">
      <Filter>common\net\Impl</Filter>
    </ClCompile>
    <ClCompile Include="..\common\net\Impl\FS_IocpMsgTransferServer.cpp">
      <Filter>common\net\Impl</Filter>
    </ClCompile>
    <ClCompile Include="..\common\net\Impl\FS_MainIocpServer.cpp">
      <Filter>common\net\Impl</Filter>
    </ClCompile>
    <ClCompile Include="..\common\component\Impl\FS_Stream.cpp">
      <Filter>common\component\Impl</Filter>
    </ClCompile>
    <ClCompile Include="..\common\net\Impl\FS_MsgReadStream.cpp">
      <Filter>common\net\Impl</Filter>
    </ClCompile>
    <ClCompile Include="..\common\net\Impl\FS_MsgWriteStream.cpp">
      <Filter>common\net\Impl</Filter>
    </ClCompile>
    <ClCompile Include="..\common\net\Defs\FS_NetBufferArray.cpp">
      <Filter>common\net\Defs</Filter>
    </ClCompile>
    <ClCompile Include="..\common\component\Impl\FS_List\Impl\FS_List.cpp">
      <Filter>common\component\Impl\FS_List\Impl</Filter>
    </ClCompile>
    <ClCompile Include="..\common\net\Defs\FS_Packet.cpp">
      <Filter>common\net\Defs</Filter>
    </ClCompile>
    <ClCompile Include="..\common\net\Defs\Sender.cpp">
      <Filter>common\net\Defs</Filter>
    </ClCompile>
    <ClCompile Include="..\common\net\Defs\PacketQueueNode.cpp">
      <Filter>common\net\Defs</Filter>
    </ClCompile>
    <ClCompile Include="..\common\net\Impl\FS_Session.cpp">
      <Filter>common\net\Impl</Filter>
    </ClCompile>
    <ClCompile Include="..\common\net\Impl\FS_SessionMgr.cpp">
      <Filter>common\net\Impl</Filter>
    </ClCompile>
    <ClCompile Include="..\common\net\Impl\FS_Addr.cpp">
      <Filter>common\net\Impl</Filter>
    </ClCompile>
    <ClCompile Include="..\common\net\Impl\FS_ServerCore.cpp">
      <Filter>common\net\Impl</Filter>
    </ClCompile>
    <ClCompile Include="..\common\net\Impl\IFS_ServerConfigMgr.cpp">
      <Filter>common\net\Impl</Filter>
    </ClCompile>
    <ClCompile Include="..\common\net\Impl\FS_ServerConfigMgrFactory.cpp">
      <Filter>common\net\Impl</Filter>
    </ClCompile>
    <ClCompile Include="..\common\net\Impl\FS_ConnectorFactory.cpp">
      <Filter>common\net\Impl</Filter>
    </ClCompile>
    <ClCompile Include="..\common\net\Impl\IFS_Connector.cpp">
      <Filter>common\net\Impl</Filter>
    </ClCompile>
    <ClCompile Include="..\common\net\Impl\FS_IocpConnector.cpp">
      <Filter>common\net\Impl</Filter>
    </ClCompile>
    <ClCompile Include="..\common\net\Impl\IFS_MsgTransfer.cpp">
      <Filter>common\net\Impl</Filter>
    </ClCompile>
    <ClCompile Include="..\common\net\Impl\FS_MsgTransferFactory.cpp">
      <Filter>common\net\Impl</Filter>
    </ClCompile>
    <ClCompile Include="..\common\net\Impl\FS_IocpMsgTransfer.cpp">
      <Filter>common\net\Impl</Filter>
    </ClCompile>
    <ClCompile Include="..\common\net\Impl\IFS_MsgHandler.cpp">
      <Filter>common\net\Impl</Filter>
    </ClCompile>
    <ClCompile Include="..\common\net\Impl\FS_IocpMsgHandler.cpp">
      <Filter>common\net\Impl</Filter>
    </ClCompile>
    <ClCompile Include="..\common\net\Impl\FS_MsgHandlerFactory.cpp">
      <Filter>common\net\Impl</Filter>
    </ClCompile>
    <ClCompile Include="..\common\net\Defs\FS_SessionInfo.cpp">
      <Filter>common\net\Defs</Filter>
    </ClCompile>
    <ClCompile Include="..\common\assist\utils\Impl\RTTIUtil.cpp">
      <Filter>common\assist\utils\Impl</Filter>
    </ClCompile>
    <ClCompile Include="..\common\component\Defs\TlsElementDefs.cpp">
      <Filter>common\component\Defs</Filter>
    </ClCompile>
    <ClCompile Include="..\common\component\Impl\FS_TlsTable.cpp">
      <Filter>common\component\Impl</Filter>
    </ClCompile>
    <ClCompile Include="..\common\component\Impl\ThreadTlsTableMgr.cpp">
      <Filter>common\component\Impl</Filter>
    </ClCompile>
  </ItemGroup>
</Project>